// !$*UTF8*$!
{
	archiveVersion = 1;
	classes = {
	};
	objectVersion = 77;
	objects = {

/* Begin PBXBuildFile section */
		BCAFBF942E9A7ECE00E402E1 /* README.md in Resources */ = {isa = PBXBuildFile; fileRef = BCAFBF932E9A7ECE00E402E1 /* README.md */; };
/* End PBXBuildFile section */

/* Begin PBXContainerItemProxy section */
		BC89CB0F2E99C82E00637139 /* PBXContainerItemProxy */ = {
			isa = PBXContainerItemProxy;
			containerPortal = BC89CAF92E99C82D00637139 /* Project object */;
			proxyType = 1;
			remoteGlobalIDString = BC89CB002E99C82E00637139;
			remoteInfo = "FTC Driver Hub";
		};
		BC89CB192E99C82E00637139 /* PBXContainerItemProxy */ = {
			isa = PBXContainerItemProxy;
			containerPortal = BC89CAF92E99C82D00637139 /* Project object */;
			proxyType = 1;
			remoteGlobalIDString = BC89CB002E99C82E00637139;
			remoteInfo = "FTC Driver Hub";
		};
/* End PBXContainerItemProxy section */

/* Begin PBXFileReference section */
		BC89CB012E99C82E00637139 /* FTC Driver Hub.app */ = {isa = PBXFileReference; explicitFileType = wrapper.application; includeInIndex = 0; path = "FTC Driver Hub.app"; sourceTree = BUILT_PRODUCTS_DIR; };
		BC89CB0E2E99C82E00637139 /* FTC Driver HubTests.xctest */ = {isa = PBXFileReference; explicitFileType = wrapper.cfbundle; includeInIndex = 0; path = "FTC Driver HubTests.xctest"; sourceTree = BUILT_PRODUCTS_DIR; };
		BC89CB182E99C82E00637139 /* FTC Driver HubUITests.xctest */ = {isa = PBXFileReference; explicitFileType = wrapper.cfbundle; includeInIndex = 0; path = "FTC Driver HubUITests.xctest"; sourceTree = BUILT_PRODUCTS_DIR; };
		BCAFBF932E9A7ECE00E402E1 /* README.md */ = {isa = PBXFileReference; lastKnownFileType = net.daringfireball.markdown; path = README.md; sourceTree = "<group>"; };
/* End PBXFileReference section */

/* Begin PBXFileSystemSynchronizedBuildFileExceptionSet section */
		BC6301012E9B04C600116D69 /* Exceptions for "Assets" folder in "FTC Driver Hub" target */ = {
			isa = PBXFileSystemSynchronizedBuildFileExceptionSet;
			membershipExceptions = (
				FTCDriverHubIcon.png,
			);
			target = BC89CB002E99C82E00637139 /* FTC Driver Hub */;
		};
/* End PBXFileSystemSynchronizedBuildFileExceptionSet section */

/* Begin PBXFileSystemSynchronizedRootGroup section */
		BC6300FF2E9B04AD00116D69 /* Assets */ = {
			isa = PBXFileSystemSynchronizedRootGroup;
			exceptions = (
				BC6301012E9B04C600116D69 /* Exceptions for "Assets" folder in "FTC Driver Hub" target */,
			);
			path = Assets;
			sourceTree = "<group>";
		};
		BC89CB032E99C82E00637139 /* FTC Driver Hub */ = {
			isa = PBXFileSystemSynchronizedRootGroup;
			path = "FTC Driver Hub";
			sourceTree = "<group>";
		};
		BC89CB112E99C82E00637139 /* FTC Driver HubTests */ = {
			isa = PBXFileSystemSynchronizedRootGroup;
			path = "FTC Driver HubTests";
			sourceTree = "<group>";
		};
		BC89CB1B2E99C82E00637139 /* FTC Driver HubUITests */ = {
			isa = PBXFileSystemSynchronizedRootGroup;
			path = "FTC Driver HubUITests";
			sourceTree = "<group>";
		};
/* End PBXFileSystemSynchronizedRootGroup section */

/* Begin PBXFrameworksBuildPhase section */
		BC89CAFE2E99C82E00637139 /* Frameworks */ = {
			isa = PBXFrameworksBuildPhase;
			buildActionMask = 2147483647;
			files = (
			);
			runOnlyForDeploymentPostprocessing = 0;
		};
		BC89CB0B2E99C82E00637139 /* Frameworks */ = {
			isa = PBXFrameworksBuildPhase;
			buildActionMask = 2147483647;
			files = (
			);
			runOnlyForDeploymentPostprocessing = 0;
		};
		BC89CB152E99C82E00637139 /* Frameworks */ = {
			isa = PBXFrameworksBuildPhase;
			buildActionMask = 2147483647;
			files = (
			);
			runOnlyForDeploymentPostprocessing = 0;
		};
/* End PBXFrameworksBuildPhase section */

/* Begin PBXGroup section */
		BC89CAF82E99C82D00637139 = {
			isa = PBXGroup;
			children = (
				BC6300FF2E9B04AD00116D69 /* Assets */,
				BCAFBF932E9A7ECE00E402E1 /* README.md */,
				BC89CB032E99C82E00637139 /* FTC Driver Hub */,
				BC89CB112E99C82E00637139 /* FTC Driver HubTests */,
				BC89CB1B2E99C82E00637139 /* FTC Driver HubUITests */,
				BC89CB022E99C82E00637139 /* Products */,
			);
			sourceTree = "<group>";
		};
		BC89CB022E99C82E00637139 /* Products */ = {
			isa = PBXGroup;
			children = (
				BC89CB012E99C82E00637139 /* FTC Driver Hub.app */,
				BC89CB0E2E99C82E00637139 /* FTC Driver HubTests.xctest */,
				BC89CB182E99C82E00637139 /* FTC Driver HubUITests.xctest */,
			);
			name = Products;
			sourceTree = "<group>";
		};
/* End PBXGroup section */

/* Begin PBXNativeTarget section */
		BC89CB002E99C82E00637139 /* FTC Driver Hub */ = {
			isa = PBXNativeTarget;
			buildConfigurationList = BC89CB222E99C82E00637139 /* Build configuration list for PBXNativeTarget "FTC Driver Hub" */;
			buildPhases = (
				BC89CAFD2E99C82E00637139 /* Sources */,
				BC89CAFE2E99C82E00637139 /* Frameworks */,
				BC89CAFF2E99C82E00637139 /* Resources */,
			);
			buildRules = (
			);
			dependencies = (
			);
			fileSystemSynchronizedGroups = (
				BC6300FF2E9B04AD00116D69 /* Assets */,
				BC89CB032E99C82E00637139 /* FTC Driver Hub */,
			);
			name = "FTC Driver Hub";
			packageProductDependencies = (
			);
			productName = "FTC Driver Hub";
			productReference = BC89CB012E99C82E00637139 /* FTC Driver Hub.app */;
			productType = "com.apple.product-type.application";
		};
		BC89CB0D2E99C82E00637139 /* FTC Driver HubTests */ = {
			isa = PBXNativeTarget;
			buildConfigurationList = BC89CB252E99C82E00637139 /* Build configuration list for PBXNativeTarget "FTC Driver HubTests" */;
			buildPhases = (
				BC89CB0A2E99C82E00637139 /* Sources */,
				BC89CB0B2E99C82E00637139 /* Frameworks */,
				BC89CB0C2E99C82E00637139 /* Resources */,
			);
			buildRules = (
			);
			dependencies = (
				BC89CB102E99C82E00637139 /* PBXTargetDependency */,
			);
			fileSystemSynchronizedGroups = (
				BC89CB112E99C82E00637139 /* FTC Driver HubTests */,
			);
			name = "FTC Driver HubTests";
			packageProductDependencies = (
			);
			productName = "FTC Driver HubTests";
			productReference = BC89CB0E2E99C82E00637139 /* FTC Driver HubTests.xctest */;
			productType = "com.apple.product-type.bundle.unit-test";
		};
		BC89CB172E99C82E00637139 /* FTC Driver HubUITests */ = {
			isa = PBXNativeTarget;
			buildConfigurationList = BC89CB282E99C82E00637139 /* Build configuration list for PBXNativeTarget "FTC Driver HubUITests" */;
			buildPhases = (
				BC89CB142E99C82E00637139 /* Sources */,
				BC89CB152E99C82E00637139 /* Frameworks */,
				BC89CB162E99C82E00637139 /* Resources */,
			);
			buildRules = (
			);
			dependencies = (
				BC89CB1A2E99C82E00637139 /* PBXTargetDependency */,
			);
			fileSystemSynchronizedGroups = (
				BC89CB1B2E99C82E00637139 /* FTC Driver HubUITests */,
			);
			name = "FTC Driver HubUITests";
			packageProductDependencies = (
			);
			productName = "FTC Driver HubUITests";
			productReference = BC89CB182E99C82E00637139 /* FTC Driver HubUITests.xctest */;
			productType = "com.apple.product-type.bundle.ui-testing";
		};
/* End PBXNativeTarget section */

/* Begin PBXProject section */
		BC89CAF92E99C82D00637139 /* Project object */ = {
			isa = PBXProject;
			attributes = {
				BuildIndependentTargetsInParallel = 1;
				LastSwiftUpdateCheck = 2600;
				LastUpgradeCheck = 2600;
				TargetAttributes = {
					BC89CB002E99C82E00637139 = {
						CreatedOnToolsVersion = 26.0.1;
					};
					BC89CB0D2E99C82E00637139 = {
						CreatedOnToolsVersion = 26.0.1;
						TestTargetID = BC89CB002E99C82E00637139;
					};
					BC89CB172E99C82E00637139 = {
						CreatedOnToolsVersion = 26.0.1;
						TestTargetID = BC89CB002E99C82E00637139;
					};
				};
			};
			buildConfigurationList = BC89CAFC2E99C82D00637139 /* Build configuration list for PBXProject "FTC Driver Hub" */;
			developmentRegion = en;
			hasScannedForEncodings = 0;
			knownRegions = (
				en,
				Base,
			);
			mainGroup = BC89CAF82E99C82D00637139;
			minimizedProjectReferenceProxies = 1;
			preferredProjectObjectVersion = 77;
			productRefGroup = BC89CB022E99C82E00637139 /* Products */;
			projectDirPath = "";
			projectRoot = "";
			targets = (
				BC89CB002E99C82E00637139 /* FTC Driver Hub */,
				BC89CB0D2E99C82E00637139 /* FTC Driver HubTests */,
				BC89CB172E99C82E00637139 /* FTC Driver HubUITests */,
			);
		};
/* End PBXProject section */

/* Begin PBXResourcesBuildPhase section */
		BC89CAFF2E99C82E00637139 /* Resources */ = {
			isa = PBXResourcesBuildPhase;
			buildActionMask = 2147483647;
			files = (
				BCAFBF942E9A7ECE00E402E1 /* README.md in Resources */,
			);
			runOnlyForDeploymentPostprocessing = 0;
		};
		BC89CB0C2E99C82E00637139 /* Resources */ = {
			isa = PBXResourcesBuildPhase;
			buildActionMask = 2147483647;
			files = (
			);
			runOnlyForDeploymentPostprocessing = 0;
		};
		BC89CB162E99C82E00637139 /* Resources */ = {
			isa = PBXResourcesBuildPhase;
			buildActionMask = 2147483647;
			files = (
			);
			runOnlyForDeploymentPostprocessing = 0;
		};
/* End PBXResourcesBuildPhase section */

/* Begin PBXSourcesBuildPhase section */
		BC89CAFD2E99C82E00637139 /* Sources */ = {
			isa = PBXSourcesBuildPhase;
			buildActionMask = 2147483647;
			files = (
			);
			runOnlyForDeploymentPostprocessing = 0;
		};
		BC89CB0A2E99C82E00637139 /* Sources */ = {
			isa = PBXSourcesBuildPhase;
			buildActionMask = 2147483647;
			files = (
			);
			runOnlyForDeploymentPostprocessing = 0;
		};
		BC89CB142E99C82E00637139 /* Sources */ = {
			isa = PBXSourcesBuildPhase;
			buildActionMask = 2147483647;
			files = (
			);
			runOnlyForDeploymentPostprocessing = 0;
		};
/* End PBXSourcesBuildPhase section */

/* Begin PBXTargetDependency section */
		BC89CB102E99C82E00637139 /* PBXTargetDependency */ = {
			isa = PBXTargetDependency;
			target = BC89CB002E99C82E00637139 /* FTC Driver Hub */;
			targetProxy = BC89CB0F2E99C82E00637139 /* PBXContainerItemProxy */;
		};
		BC89CB1A2E99C82E00637139 /* PBXTargetDependency */ = {
			isa = PBXTargetDependency;
			target = BC89CB002E99C82E00637139 /* FTC Driver Hub */;
			targetProxy = BC89CB192E99C82E00637139 /* PBXContainerItemProxy */;
		};
/* End PBXTargetDependency section */

/* Begin XCBuildConfiguration section */
		BC89CB202E99C82E00637139 /* Debug */ = {
			isa = XCBuildConfiguration;
			buildSettings = {
				ALWAYS_SEARCH_USER_PATHS = NO;
				ASSETCATALOG_COMPILER_GENERATE_SWIFT_ASSET_SYMBOL_EXTENSIONS = YES;
				CLANG_ANALYZER_NONNULL = YES;
				CLANG_ANALYZER_NUMBER_OBJECT_CONVERSION = YES_AGGRESSIVE;
				CLANG_CXX_LANGUAGE_STANDARD = "gnu++20";
				CLANG_ENABLE_MODULES = YES;
				CLANG_ENABLE_OBJC_ARC = YES;
				CLANG_ENABLE_OBJC_WEAK = YES;
				CLANG_WARN_BLOCK_CAPTURE_AUTORELEASING = YES;
				CLANG_WARN_BOOL_CONVERSION = YES;
				CLANG_WARN_COMMA = YES;
				CLANG_WARN_CONSTANT_CONVERSION = YES;
				CLANG_WARN_DEPRECATED_OBJC_IMPLEMENTATIONS = YES;
				CLANG_WARN_DIRECT_OBJC_ISA_USAGE = YES_ERROR;
				CLANG_WARN_DOCUMENTATION_COMMENTS = YES;
				CLANG_WARN_EMPTY_BODY = YES;
				CLANG_WARN_ENUM_CONVERSION = YES;
				CLANG_WARN_INFINITE_RECURSION = YES;
				CLANG_WARN_INT_CONVERSION = YES;
				CLANG_WARN_NON_LITERAL_NULL_CONVERSION = YES;
				CLANG_WARN_OBJC_IMPLICIT_RETAIN_SELF = YES;
				CLANG_WARN_OBJC_LITERAL_CONVERSION = YES;
				CLANG_WARN_OBJC_ROOT_CLASS = YES_ERROR;
				CLANG_WARN_QUOTED_INCLUDE_IN_FRAMEWORK_HEADER = YES;
				CLANG_WARN_RANGE_LOOP_ANALYSIS = YES;
				CLANG_WARN_STRICT_PROTOTYPES = YES;
				CLANG_WARN_SUSPICIOUS_MOVE = YES;
				CLANG_WARN_UNGUARDED_AVAILABILITY = YES_AGGRESSIVE;
				CLANG_WARN_UNREACHABLE_CODE = YES;
				CLANG_WARN__DUPLICATE_METHOD_MATCH = YES;
				COPY_PHASE_STRIP = NO;
				DEBUG_INFORMATION_FORMAT = dwarf;
				DEVELOPMENT_TEAM = 7M94CXP4G7;
				ENABLE_STRICT_OBJC_MSGSEND = YES;
				ENABLE_TESTABILITY = YES;
				ENABLE_USER_SCRIPT_SANDBOXING = YES;
				GCC_C_LANGUAGE_STANDARD = gnu17;
				GCC_DYNAMIC_NO_PIC = NO;
				GCC_NO_COMMON_BLOCKS = YES;
				GCC_OPTIMIZATION_LEVEL = 0;
				GCC_PREPROCESSOR_DEFINITIONS = (
					"DEBUG=1",
					"$(inherited)",
				);
				GCC_WARN_64_TO_32_BIT_CONVERSION = YES;
				GCC_WARN_ABOUT_RETURN_TYPE = YES_ERROR;
				GCC_WARN_UNDECLARED_SELECTOR = YES;
				GCC_WARN_UNINITIALIZED_AUTOS = YES_AGGRESSIVE;
				GCC_WARN_UNUSED_FUNCTION = YES;
				GCC_WARN_UNUSED_VARIABLE = YES;
				IPHONEOS_DEPLOYMENT_TARGET = 26.0;
				LOCALIZATION_PREFERS_STRING_CATALOGS = YES;
				MTL_ENABLE_DEBUG_INFO = INCLUDE_SOURCE;
				MTL_FAST_MATH = YES;
				ONLY_ACTIVE_ARCH = YES;
				SDKROOT = iphoneos;
				SWIFT_ACTIVE_COMPILATION_CONDITIONS = "DEBUG $(inherited)";
				SWIFT_OPTIMIZATION_LEVEL = "-Onone";
			};
			name = Debug;
		};
		BC89CB212E99C82E00637139 /* Release */ = {
			isa = XCBuildConfiguration;
			buildSettings = {
				ALWAYS_SEARCH_USER_PATHS = NO;
				ASSETCATALOG_COMPILER_GENERATE_SWIFT_ASSET_SYMBOL_EXTENSIONS = YES;
				CLANG_ANALYZER_NONNULL = YES;
				CLANG_ANALYZER_NUMBER_OBJECT_CONVERSION = YES_AGGRESSIVE;
				CLANG_CXX_LANGUAGE_STANDARD = "gnu++20";
				CLANG_ENABLE_MODULES = YES;
				CLANG_ENABLE_OBJC_ARC = YES;
				CLANG_ENABLE_OBJC_WEAK = YES;
				CLANG_WARN_BLOCK_CAPTURE_AUTORELEASING = YES;
				CLANG_WARN_BOOL_CONVERSION = YES;
				CLANG_WARN_COMMA = YES;
				CLANG_WARN_CONSTANT_CONVERSION = YES;
				CLANG_WARN_DEPRECATED_OBJC_IMPLEMENTATIONS = YES;
				CLANG_WARN_DIRECT_OBJC_ISA_USAGE = YES_ERROR;
				CLANG_WARN_DOCUMENTATION_COMMENTS = YES;
				CLANG_WARN_EMPTY_BODY = YES;
				CLANG_WARN_ENUM_CONVERSION = YES;
				CLANG_WARN_INFINITE_RECURSION = YES;
				CLANG_WARN_INT_CONVERSION = YES;
				CLANG_WARN_NON_LITERAL_NULL_CONVERSION = YES;
				CLANG_WARN_OBJC_IMPLICIT_RETAIN_SELF = YES;
				CLANG_WARN_OBJC_LITERAL_CONVERSION = YES;
				CLANG_WARN_OBJC_ROOT_CLASS = YES_ERROR;
				CLANG_WARN_QUOTED_INCLUDE_IN_FRAMEWORK_HEADER = YES;
				CLANG_WARN_RANGE_LOOP_ANALYSIS = YES;
				CLANG_WARN_STRICT_PROTOTYPES = YES;
				CLANG_WARN_SUSPICIOUS_MOVE = YES;
				CLANG_WARN_UNGUARDED_AVAILABILITY = YES_AGGRESSIVE;
				CLANG_WARN_UNREACHABLE_CODE = YES;
				CLANG_WARN__DUPLICATE_METHOD_MATCH = YES;
				COPY_PHASE_STRIP = NO;
				DEBUG_INFORMATION_FORMAT = "dwarf-with-dsym";
				DEVELOPMENT_TEAM = 7M94CXP4G7;
				ENABLE_NS_ASSERTIONS = NO;
				ENABLE_STRICT_OBJC_MSGSEND = YES;
				ENABLE_USER_SCRIPT_SANDBOXING = YES;
				GCC_C_LANGUAGE_STANDARD = gnu17;
				GCC_NO_COMMON_BLOCKS = YES;
				GCC_WARN_64_TO_32_BIT_CONVERSION = YES;
				GCC_WARN_ABOUT_RETURN_TYPE = YES_ERROR;
				GCC_WARN_UNDECLARED_SELECTOR = YES;
				GCC_WARN_UNINITIALIZED_AUTOS = YES_AGGRESSIVE;
				GCC_WARN_UNUSED_FUNCTION = YES;
				GCC_WARN_UNUSED_VARIABLE = YES;
				IPHONEOS_DEPLOYMENT_TARGET = 26.0;
				LOCALIZATION_PREFERS_STRING_CATALOGS = YES;
				MTL_ENABLE_DEBUG_INFO = NO;
				MTL_FAST_MATH = YES;
				SDKROOT = iphoneos;
				SWIFT_COMPILATION_MODE = wholemodule;
				VALIDATE_PRODUCT = YES;
			};
			name = Release;
		};
		BC89CB232E99C82E00637139 /* Debug */ = {
			isa = XCBuildConfiguration;
			buildSettings = {
				ASSETCATALOG_COMPILER_APPICON_NAME = AppIcon;
				ASSETCATALOG_COMPILER_GLOBAL_ACCENT_COLOR_NAME = AccentColor;
				CODE_SIGN_STYLE = Automatic;
				CURRENT_PROJECT_VERSION = 1;
				DEVELOPMENT_TEAM = 7M94CXP4G7;
				ENABLE_PREVIEWS = YES;
				GENERATE_INFOPLIST_FILE = YES;
				INFOPLIST_KEY_CFBundleDisplayName = "FTC Driver Hub";
				INFOPLIST_KEY_LSApplicationCategoryType = "public.app-category.utilities";
				INFOPLIST_KEY_UIApplicationSceneManifest_Generation = YES;
				INFOPLIST_KEY_UIApplicationSupportsIndirectInputEvents = YES;
				INFOPLIST_KEY_UILaunchScreen_Generation = YES;
				INFOPLIST_KEY_UISupportedInterfaceOrientations_iPad = "UIInterfaceOrientationPortrait UIInterfaceOrientationPortraitUpsideDown UIInterfaceOrientationLandscapeLeft UIInterfaceOrientationLandscapeRight";
				INFOPLIST_KEY_UISupportedInterfaceOrientations_iPhone = "UIInterfaceOrientationPortrait UIInterfaceOrientationLandscapeLeft UIInterfaceOrientationLandscapeRight";
				IPHONEOS_DEPLOYMENT_TARGET = 17.6;
				LD_RUNPATH_SEARCH_PATHS = (
					"$(inherited)",
					"@executable_path/Frameworks",
				);
				MARKETING_VERSION = 1.0;
				PRODUCT_BUNDLE_IDENTIFIER = "com.dcrubro.FTC-Driver-Hub";
				PRODUCT_NAME = "$(TARGET_NAME)";
				STRING_CATALOG_GENERATE_SYMBOLS = YES;
				SWIFT_APPROACHABLE_CONCURRENCY = YES;
				SWIFT_DEFAULT_ACTOR_ISOLATION = MainActor;
				SWIFT_EMIT_LOC_STRINGS = YES;
				SWIFT_UPCOMING_FEATURE_MEMBER_IMPORT_VISIBILITY = YES;
				SWIFT_VERSION = 5.0;
				TARGETED_DEVICE_FAMILY = "1,2";
			};
			name = Debug;
		};
		BC89CB242E99C82E00637139 /* Release */ = {
			isa = XCBuildConfiguration;
			buildSettings = {
				ASSETCATALOG_COMPILER_APPICON_NAME = AppIcon;
				ASSETCATALOG_COMPILER_GLOBAL_ACCENT_COLOR_NAME = AccentColor;
				CODE_SIGN_STYLE = Automatic;
				CURRENT_PROJECT_VERSION = 1;
				DEVELOPMENT_TEAM = 7M94CXP4G7;
				ENABLE_PREVIEWS = YES;
				GENERATE_INFOPLIST_FILE = YES;
				INFOPLIST_KEY_CFBundleDisplayName = "FTC Driver Hub";
				INFOPLIST_KEY_LSApplicationCategoryType = "public.app-category.utilities";
				INFOPLIST_KEY_UIApplicationSceneManifest_Generation = YES;
				INFOPLIST_KEY_UIApplicationSupportsIndirectInputEvents = YES;
				INFOPLIST_KEY_UILaunchScreen_Generation = YES;
				INFOPLIST_KEY_UISupportedInterfaceOrientations_iPad = "UIInterfaceOrientationPortrait UIInterfaceOrientationPortraitUpsideDown UIInterfaceOrientationLandscapeLeft UIInterfaceOrientationLandscapeRight";
				INFOPLIST_KEY_UISupportedInterfaceOrientations_iPhone = "UIInterfaceOrientationPortrait UIInterfaceOrientationLandscapeLeft UIInterfaceOrientationLandscapeRight";
				IPHONEOS_DEPLOYMENT_TARGET = 17.6;
				LD_RUNPATH_SEARCH_PATHS = (
					"$(inherited)",
					"@executable_path/Frameworks",
				);
				MARKETING_VERSION = 1.0;
				PRODUCT_BUNDLE_IDENTIFIER = "com.dcrubro.FTC-Driver-Hub";
				PRODUCT_NAME = "$(TARGET_NAME)";
				STRING_CATALOG_GENERATE_SYMBOLS = YES;
				SWIFT_APPROACHABLE_CONCURRENCY = YES;
				SWIFT_DEFAULT_ACTOR_ISOLATION = MainActor;
				SWIFT_EMIT_LOC_STRINGS = YES;
				SWIFT_UPCOMING_FEATURE_MEMBER_IMPORT_VISIBILITY = YES;
				SWIFT_VERSION = 5.0;
				TARGETED_DEVICE_FAMILY = "1,2";
			};
			name = Release;
		};
		BC89CB262E99C82E00637139 /* Debug */ = {
			isa = XCBuildConfiguration;
			buildSettings = {
				BUNDLE_LOADER = "$(TEST_HOST)";
				CODE_SIGN_STYLE = Automatic;
				CURRENT_PROJECT_VERSION = 1;
				DEVELOPMENT_TEAM = 7M94CXP4G7;
				GENERATE_INFOPLIST_FILE = YES;
				IPHONEOS_DEPLOYMENT_TARGET = 26.0;
				MARKETING_VERSION = 1.0;
				PRODUCT_BUNDLE_IDENTIFIER = "com.dcrubro.FTC-Driver-HubTests";
				PRODUCT_NAME = "$(TARGET_NAME)";
				STRING_CATALOG_GENERATE_SYMBOLS = NO;
				SWIFT_APPROACHABLE_CONCURRENCY = YES;
				SWIFT_EMIT_LOC_STRINGS = NO;
				SWIFT_UPCOMING_FEATURE_MEMBER_IMPORT_VISIBILITY = YES;
				SWIFT_VERSION = 5.0;
				TARGETED_DEVICE_FAMILY = "1,2";
				TEST_HOST = "$(BUILT_PRODUCTS_DIR)/FTC Driver Hub.app/$(BUNDLE_EXECUTABLE_FOLDER_PATH)/FTC Driver Hub";
			};
			name = Debug;
		};
		BC89CB272E99C82E00637139 /* Release */ = {
			isa = XCBuildConfiguration;
			buildSettings = {
				BUNDLE_LOADER = "$(TEST_HOST)";
				CODE_SIGN_STYLE = Automatic;
				CURRENT_PROJECT_VERSION = 1;
				DEVELOPMENT_TEAM = 7M94CXP4G7;
				GENERATE_INFOPLIST_FILE = YES;
				IPHONEOS_DEPLOYMENT_TARGET = 26.0;
				MARKETING_VERSION = 1.0;
				PRODUCT_BUNDLE_IDENTIFIER = "com.dcrubro.FTC-Driver-HubTests";
				PRODUCT_NAME = "$(TARGET_NAME)";
				STRING_CATALOG_GENERATE_SYMBOLS = NO;
				SWIFT_APPROACHABLE_CONCURRENCY = YES;
				SWIFT_EMIT_LOC_STRINGS = NO;
				SWIFT_UPCOMING_FEATURE_MEMBER_IMPORT_VISIBILITY = YES;
				SWIFT_VERSION = 5.0;
				TARGETED_DEVICE_FAMILY = "1,2";
				TEST_HOST = "$(BUILT_PRODUCTS_DIR)/FTC Driver Hub.app/$(BUNDLE_EXECUTABLE_FOLDER_PATH)/FTC Driver Hub";
			};
			name = Release;
		};
		BC89CB292E99C82E00637139 /* Debug */ = {
			isa = XCBuildConfiguration;
			buildSettings = {
				CODE_SIGN_STYLE = Automatic;
				CURRENT_PROJECT_VERSION = 1;
				DEVELOPMENT_TEAM = 7M94CXP4G7;
				GENERATE_INFOPLIST_FILE = YES;
				MARKETING_VERSION = 1.0;
				PRODUCT_BUNDLE_IDENTIFIER = "com.dcrubro.FTC-Driver-HubUITests";
				PRODUCT_NAME = "$(TARGET_NAME)";
				STRING_CATALOG_GENERATE_SYMBOLS = NO;
				SWIFT_APPROACHABLE_CONCURRENCY = YES;
				SWIFT_EMIT_LOC_STRINGS = NO;
				SWIFT_UPCOMING_FEATURE_MEMBER_IMPORT_VISIBILITY = YES;
				SWIFT_VERSION = 5.0;
				TARGETED_DEVICE_FAMILY = "1,2";
				TEST_TARGET_NAME = "FTC Driver Hub";
			};
			name = Debug;
		};
		BC89CB2A2E99C82E00637139 /* Release */ = {
			isa = XCBuildConfiguration;
			buildSettings = {
				CODE_SIGN_STYLE = Automatic;
				CURRENT_PROJECT_VERSION = 1;
				DEVELOPMENT_TEAM = 7M94CXP4G7;
				GENERATE_INFOPLIST_FILE = YES;
				MARKETING_VERSION = 1.0;
				PRODUCT_BUNDLE_IDENTIFIER = "com.dcrubro.FTC-Driver-HubUITests";
				PRODUCT_NAME = "$(TARGET_NAME)";
				STRING_CATALOG_GENERATE_SYMBOLS = NO;
				SWIFT_APPROACHABLE_CONCURRENCY = YES;
				SWIFT_EMIT_LOC_STRINGS = NO;
				SWIFT_UPCOMING_FEATURE_MEMBER_IMPORT_VISIBILITY = YES;
				SWIFT_VERSION = 5.0;
				TARGETED_DEVICE_FAMILY = "1,2";
				TEST_TARGET_NAME = "FTC Driver Hub";
			};
			name = Release;
		};
/* End XCBuildConfiguration section */

/* Begin XCConfigurationList section */
		BC89CAFC2E99C82D00637139 /* Build configuration list for PBXProject "FTC Driver Hub" */ = {
			isa = XCConfigurationList;
			buildConfigurations = (
				BC89CB202E99C82E00637139 /* Debug */,
				BC89CB212E99C82E00637139 /* Release */,
			);
			defaultConfigurationIsVisible = 0;
			defaultConfigurationName = Release;
		};
		BC89CB222E99C82E00637139 /* Build configuration list for PBXNativeTarget "FTC Driver Hub" */ = {
			isa = XCConfigurationList;
			buildConfigurations = (
				BC89CB232E99C82E00637139 /* Debug */,
				BC89CB242E99C82E00637139 /* Release */,
			);
			defaultConfigurationIsVisible = 0;
			defaultConfigurationName = Release;
		};
		BC89CB252E99C82E00637139 /* Build configuration list for PBXNativeTarget "FTC Driver HubTests" */ = {
			isa = XCConfigurationList;
			buildConfigurations = (
				BC89CB262E99C82E00637139 /* Debug */,
				BC89CB272E99C82E00637139 /* Release */,
			);
			defaultConfigurationIsVisible = 0;
			defaultConfigurationName = Release;
		};
		BC89CB282E99C82E00637139 /* Build configuration list for PBXNativeTarget "FTC Driver HubUITests" */ = {
			isa = XCConfigurationList;
			buildConfigurations = (
				BC89CB292E99C82E00637139 /* Debug */,
				BC89CB2A2E99C82E00637139 /* Release */,
			);
			defaultConfigurationIsVisible = 0;
			defaultConfigurationName = Release;
		};
/* End XCConfigurationList section */
	};
	rootObject = BC89CAF92E99C82D00637139 /* Project object */;
}
